// !$*UTF8*$!
{
	archiveVersion = 1;
	classes = {
	};
	objectVersion = 50;
	objects = {

/* Begin PBXBuildFile section */
		AA8C1D792226756900E44630 /* NotificationCenter.framework in Frameworks */ = {isa = PBXBuildFile; fileRef = AA8C1D782226756900E44630 /* NotificationCenter.framework */; };
		AA8C1D7C2226756900E44630 /* TodayViewController.swift in Sources */ = {isa = PBXBuildFile; fileRef = AA8C1D7B2226756900E44630 /* TodayViewController.swift */; };
		AA8C1D7F2226756900E44630 /* MainInterface.storyboard in Resources */ = {isa = PBXBuildFile; fileRef = AA8C1D7D2226756900E44630 /* MainInterface.storyboard */; };
		AA8C1D832226756900E44630 /* widget.appex in Embed App Extensions */ = {isa = PBXBuildFile; fileRef = AA8C1D772226756900E44630 /* widget.appex */; settings = {ATTRIBUTES = (RemoveHeadersOnCopy, ); }; };
		AA8C1D8822267B1800E44630 /* Extensions.swift in Sources */ = {isa = PBXBuildFile; fileRef = AA8E473F2221630600CD3F2F /* Extensions.swift */; };
		AA8C1D8922267B1900E44630 /* Extensions.swift in Sources */ = {isa = PBXBuildFile; fileRef = AA8E473F2221630600CD3F2F /* Extensions.swift */; };
		AA8C1D8A22267B1900E44630 /* Extensions.swift in Sources */ = {isa = PBXBuildFile; fileRef = AA8E473F2221630600CD3F2F /* Extensions.swift */; };
		AA8C1D8B22267B1A00E44630 /* Extensions.swift in Sources */ = {isa = PBXBuildFile; fileRef = AA8E473F2221630600CD3F2F /* Extensions.swift */; };
		AA8C1D8C22267B4F00E44630 /* Theme.swift in Sources */ = {isa = PBXBuildFile; fileRef = AA8E47472222988F00CD3F2F /* Theme.swift */; };
		AA8C1D8F22267D6D00E44630 /* UNCenter.swift in Sources */ = {isa = PBXBuildFile; fileRef = AACD519B2223EF0D00BA52AE /* UNCenter.swift */; };
		AA8C1D922226B1D300E44630 /* VerticalAlignedLabel.swift in Sources */ = {isa = PBXBuildFile; fileRef = AA8C1D912226B1D300E44630 /* VerticalAlignedLabel.swift */; };
		AA8E46F72221519D00CD3F2F /* AppDelegate.swift in Sources */ = {isa = PBXBuildFile; fileRef = AA8E46F62221519D00CD3F2F /* AppDelegate.swift */; };
		AA8E46F92221519D00CD3F2F /* ViewController.swift in Sources */ = {isa = PBXBuildFile; fileRef = AA8E46F82221519D00CD3F2F /* ViewController.swift */; };
		AA8E46FC2221519D00CD3F2F /* Main.storyboard in Resources */ = {isa = PBXBuildFile; fileRef = AA8E46FA2221519D00CD3F2F /* Main.storyboard */; };
		AA8E46FE222151A100CD3F2F /* Assets.xcassets in Resources */ = {isa = PBXBuildFile; fileRef = AA8E46FD222151A100CD3F2F /* Assets.xcassets */; };
		AA8E4701222151A100CD3F2F /* LaunchScreen.storyboard in Resources */ = {isa = PBXBuildFile; fileRef = AA8E46FF222151A100CD3F2F /* LaunchScreen.storyboard */; };
		AA8E470C222151A100CD3F2F /* Minimalism_PomodoroTests.swift in Sources */ = {isa = PBXBuildFile; fileRef = AA8E470B222151A100CD3F2F /* Minimalism_PomodoroTests.swift */; };
		AA8E4717222151A100CD3F2F /* Minimalism_PomodoroUITests.swift in Sources */ = {isa = PBXBuildFile; fileRef = AA8E4716222151A100CD3F2F /* Minimalism_PomodoroUITests.swift */; };
		AA8E473E22215EB300CD3F2F /* Default-568h@2x.png in Resources */ = {isa = PBXBuildFile; fileRef = AA8E473D22215EB300CD3F2F /* Default-568h@2x.png */; };
		AA8E47402221630600CD3F2F /* Extensions.swift in Sources */ = {isa = PBXBuildFile; fileRef = AA8E473F2221630600CD3F2F /* Extensions.swift */; };
		AA8E474222226C2900CD3F2F /* MainView.swift in Sources */ = {isa = PBXBuildFile; fileRef = AA8E474122226C2900CD3F2F /* MainView.swift */; };
		AA8E474422226DE300CD3F2F /* TimePickerView.swift in Sources */ = {isa = PBXBuildFile; fileRef = AA8E474322226DE300CD3F2F /* TimePickerView.swift */; };
		AA8E47482222988F00CD3F2F /* Theme.swift in Sources */ = {isa = PBXBuildFile; fileRef = AA8E47472222988F00CD3F2F /* Theme.swift */; };
		AA8E474C2222C3B100CD3F2F /* Settings.bundle in Resources */ = {isa = PBXBuildFile; fileRef = AA8E474B2222C3B100CD3F2F /* Settings.bundle */; };
		AA8E474E2222D93A00CD3F2F /* Pomodoro.swift in Sources */ = {isa = PBXBuildFile; fileRef = AA8E474D2222D93A00CD3F2F /* Pomodoro.swift */; };
		AACD519C2223EF0D00BA52AE /* UNCenter.swift in Sources */ = {isa = PBXBuildFile; fileRef = AACD519B2223EF0D00BA52AE /* UNCenter.swift */; };
		AACD51A4222403AD00BA52AE /* UserNotifications.framework in Frameworks */ = {isa = PBXBuildFile; fileRef = AACD51A3222403AD00BA52AE /* UserNotifications.framework */; };
		AACD51A6222403AD00BA52AE /* UserNotificationsUI.framework in Frameworks */ = {isa = PBXBuildFile; fileRef = AACD51A5222403AD00BA52AE /* UserNotificationsUI.framework */; };
		AACD51A9222403AD00BA52AE /* NotificationViewController.swift in Sources */ = {isa = PBXBuildFile; fileRef = AACD51A8222403AD00BA52AE /* NotificationViewController.swift */; };
		AACD51AC222403AD00BA52AE /* MainInterface.storyboard in Resources */ = {isa = PBXBuildFile; fileRef = AACD51AA222403AD00BA52AE /* MainInterface.storyboard */; };
		AACD51B0222403AD00BA52AE /* UNContent.appex in Embed App Extensions */ = {isa = PBXBuildFile; fileRef = AACD51A1222403AC00BA52AE /* UNContent.appex */; settings = {ATTRIBUTES = (RemoveHeadersOnCopy, ); }; };
/* End PBXBuildFile section */

/* Begin PBXContainerItemProxy section */
		AA8C1D812226756900E44630 /* PBXContainerItemProxy */ = {
			isa = PBXContainerItemProxy;
			containerPortal = AA8E46EB2221519D00CD3F2F /* Project object */;
			proxyType = 1;
			remoteGlobalIDString = AA8C1D762226756900E44630;
			remoteInfo = widget;
		};
		AA8E4708222151A100CD3F2F /* PBXContainerItemProxy */ = {
			isa = PBXContainerItemProxy;
			containerPortal = AA8E46EB2221519D00CD3F2F /* Project object */;
			proxyType = 1;
			remoteGlobalIDString = AA8E46F22221519D00CD3F2F;
			remoteInfo = "Minimalism Pomodoro";
		};
		AA8E4713222151A100CD3F2F /* PBXContainerItemProxy */ = {
			isa = PBXContainerItemProxy;
			containerPortal = AA8E46EB2221519D00CD3F2F /* Project object */;
			proxyType = 1;
			remoteGlobalIDString = AA8E46F22221519D00CD3F2F;
			remoteInfo = "Minimalism Pomodoro";
		};
		AACD51AE222403AD00BA52AE /* PBXContainerItemProxy */ = {
			isa = PBXContainerItemProxy;
			containerPortal = AA8E46EB2221519D00CD3F2F /* Project object */;
			proxyType = 1;
			remoteGlobalIDString = AACD51A0222403AC00BA52AE;
			remoteInfo = UNContent;
		};
/* End PBXContainerItemProxy section */

/* Begin PBXCopyFilesBuildPhase section */
		AACD51B4222403AD00BA52AE /* Embed App Extensions */ = {
			isa = PBXCopyFilesBuildPhase;
			buildActionMask = 2147483647;
			dstPath = "";
			dstSubfolderSpec = 13;
			files = (
				AA8C1D832226756900E44630 /* widget.appex in Embed App Extensions */,
				AACD51B0222403AD00BA52AE /* UNContent.appex in Embed App Extensions */,
			);
			name = "Embed App Extensions";
			runOnlyForDeploymentPostprocessing = 0;
		};
/* End PBXCopyFilesBuildPhase section */

/* Begin PBXFileReference section */
		AA8C1D772226756900E44630 /* widget.appex */ = {isa = PBXFileReference; explicitFileType = "wrapper.app-extension"; includeInIndex = 0; path = widget.appex; sourceTree = BUILT_PRODUCTS_DIR; };
		AA8C1D782226756900E44630 /* NotificationCenter.framework */ = {isa = PBXFileReference; lastKnownFileType = wrapper.framework; name = NotificationCenter.framework; path = System/Library/Frameworks/NotificationCenter.framework; sourceTree = SDKROOT; };
		AA8C1D7B2226756900E44630 /* TodayViewController.swift */ = {isa = PBXFileReference; lastKnownFileType = sourcecode.swift; path = TodayViewController.swift; sourceTree = "<group>"; };
		AA8C1D7E2226756900E44630 /* Base */ = {isa = PBXFileReference; lastKnownFileType = file.storyboard; name = Base; path = Base.lproj/MainInterface.storyboard; sourceTree = "<group>"; };
		AA8C1D802226756900E44630 /* Info.plist */ = {isa = PBXFileReference; lastKnownFileType = text.plist.xml; path = Info.plist; sourceTree = "<group>"; };
		AA8C1D9022267DD200E44630 /* widget.entitlements */ = {isa = PBXFileReference; lastKnownFileType = text.plist.entitlements; path = widget.entitlements; sourceTree = "<group>"; };
		AA8C1D912226B1D300E44630 /* VerticalAlignedLabel.swift */ = {isa = PBXFileReference; lastKnownFileType = sourcecode.swift; path = VerticalAlignedLabel.swift; sourceTree = "<group>"; };
		AA8E46F32221519D00CD3F2F /* Minimalism Pomodoro.app */ = {isa = PBXFileReference; explicitFileType = wrapper.application; includeInIndex = 0; path = "Minimalism Pomodoro.app"; sourceTree = BUILT_PRODUCTS_DIR; };
		AA8E46F62221519D00CD3F2F /* AppDelegate.swift */ = {isa = PBXFileReference; lastKnownFileType = sourcecode.swift; path = AppDelegate.swift; sourceTree = "<group>"; };
		AA8E46F82221519D00CD3F2F /* ViewController.swift */ = {isa = PBXFileReference; lastKnownFileType = sourcecode.swift; path = ViewController.swift; sourceTree = "<group>"; };
		AA8E46FB2221519D00CD3F2F /* Base */ = {isa = PBXFileReference; lastKnownFileType = file.storyboard; name = Base; path = Base.lproj/Main.storyboard; sourceTree = "<group>"; };
		AA8E46FD222151A100CD3F2F /* Assets.xcassets */ = {isa = PBXFileReference; lastKnownFileType = folder.assetcatalog; path = Assets.xcassets; sourceTree = "<group>"; };
		AA8E4700222151A100CD3F2F /* Base */ = {isa = PBXFileReference; lastKnownFileType = file.storyboard; name = Base; path = Base.lproj/LaunchScreen.storyboard; sourceTree = "<group>"; };
		AA8E4702222151A100CD3F2F /* Info.plist */ = {isa = PBXFileReference; lastKnownFileType = text.plist.xml; path = Info.plist; sourceTree = "<group>"; };
		AA8E4707222151A100CD3F2F /* Minimalism PomodoroTests.xctest */ = {isa = PBXFileReference; explicitFileType = wrapper.cfbundle; includeInIndex = 0; path = "Minimalism PomodoroTests.xctest"; sourceTree = BUILT_PRODUCTS_DIR; };
		AA8E470B222151A100CD3F2F /* Minimalism_PomodoroTests.swift */ = {isa = PBXFileReference; lastKnownFileType = sourcecode.swift; path = Minimalism_PomodoroTests.swift; sourceTree = "<group>"; };
		AA8E470D222151A100CD3F2F /* Info.plist */ = {isa = PBXFileReference; lastKnownFileType = text.plist.xml; path = Info.plist; sourceTree = "<group>"; };
		AA8E4712222151A100CD3F2F /* Minimalism PomodoroUITests.xctest */ = {isa = PBXFileReference; explicitFileType = wrapper.cfbundle; includeInIndex = 0; path = "Minimalism PomodoroUITests.xctest"; sourceTree = BUILT_PRODUCTS_DIR; };
		AA8E4716222151A100CD3F2F /* Minimalism_PomodoroUITests.swift */ = {isa = PBXFileReference; lastKnownFileType = sourcecode.swift; path = Minimalism_PomodoroUITests.swift; sourceTree = "<group>"; };
		AA8E4718222151A100CD3F2F /* Info.plist */ = {isa = PBXFileReference; lastKnownFileType = text.plist.xml; path = Info.plist; sourceTree = "<group>"; };
		AA8E473D22215EB300CD3F2F /* Default-568h@2x.png */ = {isa = PBXFileReference; lastKnownFileType = image.png; path = "Default-568h@2x.png"; sourceTree = "<group>"; };
		AA8E473F2221630600CD3F2F /* Extensions.swift */ = {isa = PBXFileReference; fileEncoding = 4; lastKnownFileType = sourcecode.swift; path = Extensions.swift; sourceTree = "<group>"; };
		AA8E474122226C2900CD3F2F /* MainView.swift */ = {isa = PBXFileReference; lastKnownFileType = sourcecode.swift; path = MainView.swift; sourceTree = "<group>"; };
		AA8E474322226DE300CD3F2F /* TimePickerView.swift */ = {isa = PBXFileReference; lastKnownFileType = sourcecode.swift; path = TimePickerView.swift; sourceTree = "<group>"; };
		AA8E47472222988F00CD3F2F /* Theme.swift */ = {isa = PBXFileReference; lastKnownFileType = sourcecode.swift; path = Theme.swift; sourceTree = "<group>"; };
		AA8E474B2222C3B100CD3F2F /* Settings.bundle */ = {isa = PBXFileReference; lastKnownFileType = "wrapper.plug-in"; path = Settings.bundle; sourceTree = "<group>"; };
		AA8E474D2222D93A00CD3F2F /* Pomodoro.swift */ = {isa = PBXFileReference; lastKnownFileType = sourcecode.swift; path = Pomodoro.swift; sourceTree = "<group>"; };
		AACD519B2223EF0D00BA52AE /* UNCenter.swift */ = {isa = PBXFileReference; lastKnownFileType = sourcecode.swift; path = UNCenter.swift; sourceTree = "<group>"; };
		AACD51A1222403AC00BA52AE /* UNContent.appex */ = {isa = PBXFileReference; explicitFileType = "wrapper.app-extension"; includeInIndex = 0; path = UNContent.appex; sourceTree = BUILT_PRODUCTS_DIR; };
		AACD51A3222403AD00BA52AE /* UserNotifications.framework */ = {isa = PBXFileReference; lastKnownFileType = wrapper.framework; name = UserNotifications.framework; path = System/Library/Frameworks/UserNotifications.framework; sourceTree = SDKROOT; };
		AACD51A5222403AD00BA52AE /* UserNotificationsUI.framework */ = {isa = PBXFileReference; lastKnownFileType = wrapper.framework; name = UserNotificationsUI.framework; path = System/Library/Frameworks/UserNotificationsUI.framework; sourceTree = SDKROOT; };
		AACD51A8222403AD00BA52AE /* NotificationViewController.swift */ = {isa = PBXFileReference; lastKnownFileType = sourcecode.swift; path = NotificationViewController.swift; sourceTree = "<group>"; };
		AACD51AB222403AD00BA52AE /* Base */ = {isa = PBXFileReference; lastKnownFileType = file.storyboard; name = Base; path = Base.lproj/MainInterface.storyboard; sourceTree = "<group>"; };
		AACD51AD222403AD00BA52AE /* Info.plist */ = {isa = PBXFileReference; lastKnownFileType = text.plist.xml; path = Info.plist; sourceTree = "<group>"; };
		AACD51B522242D2800BA52AE /* Minimalism Pomodoro.entitlements */ = {isa = PBXFileReference; lastKnownFileType = text.plist.entitlements; path = "Minimalism Pomodoro.entitlements"; sourceTree = "<group>"; };
/* End PBXFileReference section */

/* Begin PBXFrameworksBuildPhase section */
		AA8C1D742226756900E44630 /* Frameworks */ = {
			isa = PBXFrameworksBuildPhase;
			buildActionMask = 2147483647;
			files = (
				AA8C1D792226756900E44630 /* NotificationCenter.framework in Frameworks */,
			);
			runOnlyForDeploymentPostprocessing = 0;
		};
		AA8E46F02221519D00CD3F2F /* Frameworks */ = {
			isa = PBXFrameworksBuildPhase;
			buildActionMask = 2147483647;
			files = (
			);
			runOnlyForDeploymentPostprocessing = 0;
		};
		AA8E4704222151A100CD3F2F /* Frameworks */ = {
			isa = PBXFrameworksBuildPhase;
			buildActionMask = 2147483647;
			files = (
			);
			runOnlyForDeploymentPostprocessing = 0;
		};
		AA8E470F222151A100CD3F2F /* Frameworks */ = {
			isa = PBXFrameworksBuildPhase;
			buildActionMask = 2147483647;
			files = (
			);
			runOnlyForDeploymentPostprocessing = 0;
		};
		AACD519E222403AC00BA52AE /* Frameworks */ = {
			isa = PBXFrameworksBuildPhase;
			buildActionMask = 2147483647;
			files = (
				AACD51A6222403AD00BA52AE /* UserNotificationsUI.framework in Frameworks */,
				AACD51A4222403AD00BA52AE /* UserNotifications.framework in Frameworks */,
			);
			runOnlyForDeploymentPostprocessing = 0;
		};
/* End PBXFrameworksBuildPhase section */

/* Begin PBXGroup section */
		AA8C1D7A2226756900E44630 /* widget */ = {
			isa = PBXGroup;
			children = (
				AA8C1D9022267DD200E44630 /* widget.entitlements */,
				AA8C1D7B2226756900E44630 /* TodayViewController.swift */,
				AA8C1D7D2226756900E44630 /* MainInterface.storyboard */,
				AA8C1D802226756900E44630 /* Info.plist */,
			);
			path = widget;
			sourceTree = "<group>";
		};
		AA8E46EA2221519D00CD3F2F = {
			isa = PBXGroup;
			children = (
				AA8E473D22215EB300CD3F2F /* Default-568h@2x.png */,
				AA8E46F52221519D00CD3F2F /* Minimalism Pomodoro */,
				AA8E470A222151A100CD3F2F /* Minimalism PomodoroTests */,
				AA8E4715222151A100CD3F2F /* Minimalism PomodoroUITests */,
				AACD51A7222403AD00BA52AE /* UNContent */,
				AA8C1D7A2226756900E44630 /* widget */,
				AACD51A2222403AD00BA52AE /* Frameworks */,
				AA8E46F42221519D00CD3F2F /* Products */,
			);
			sourceTree = "<group>";
		};
		AA8E46F42221519D00CD3F2F /* Products */ = {
			isa = PBXGroup;
			children = (
				AA8E46F32221519D00CD3F2F /* Minimalism Pomodoro.app */,
				AA8E4707222151A100CD3F2F /* Minimalism PomodoroTests.xctest */,
				AA8E4712222151A100CD3F2F /* Minimalism PomodoroUITests.xctest */,
				AACD51A1222403AC00BA52AE /* UNContent.appex */,
				AA8C1D772226756900E44630 /* widget.appex */,
			);
			name = Products;
			sourceTree = "<group>";
		};
		AA8E46F52221519D00CD3F2F /* Minimalism Pomodoro */ = {
			isa = PBXGroup;
			children = (
				AACD51B522242D2800BA52AE /* Minimalism Pomodoro.entitlements */,
				AA8E46F62221519D00CD3F2F /* AppDelegate.swift */,
				AACD519B2223EF0D00BA52AE /* UNCenter.swift */,
				AA8E474D2222D93A00CD3F2F /* Pomodoro.swift */,
				AA8E46F82221519D00CD3F2F /* ViewController.swift */,
				AA8E47472222988F00CD3F2F /* Theme.swift */,
				AA8E474122226C2900CD3F2F /* MainView.swift */,
				AA8E474322226DE300CD3F2F /* TimePickerView.swift */,
				AA8C1D912226B1D300E44630 /* VerticalAlignedLabel.swift */,
				AA8E474B2222C3B100CD3F2F /* Settings.bundle */,
				AA8E473C22215BFF00CD3F2F /* Support files */,
				AA8E4702222151A100CD3F2F /* Info.plist */,
			);
			path = "Minimalism Pomodoro";
			sourceTree = "<group>";
		};
		AA8E470A222151A100CD3F2F /* Minimalism PomodoroTests */ = {
			isa = PBXGroup;
			children = (
				AA8E470B222151A100CD3F2F /* Minimalism_PomodoroTests.swift */,
				AA8E470D222151A100CD3F2F /* Info.plist */,
			);
			path = "Minimalism PomodoroTests";
			sourceTree = "<group>";
		};
		AA8E4715222151A100CD3F2F /* Minimalism PomodoroUITests */ = {
			isa = PBXGroup;
			children = (
				AA8E4716222151A100CD3F2F /* Minimalism_PomodoroUITests.swift */,
				AA8E4718222151A100CD3F2F /* Info.plist */,
			);
			path = "Minimalism PomodoroUITests";
			sourceTree = "<group>";
		};
		AA8E473C22215BFF00CD3F2F /* Support files */ = {
			isa = PBXGroup;
			children = (
				AA8E473F2221630600CD3F2F /* Extensions.swift */,
				AA8E46FA2221519D00CD3F2F /* Main.storyboard */,
				AA8E46FD222151A100CD3F2F /* Assets.xcassets */,
				AA8E46FF222151A100CD3F2F /* LaunchScreen.storyboard */,
			);
			path = "Support files";
			sourceTree = "<group>";
		};
		AACD51A2222403AD00BA52AE /* Frameworks */ = {
			isa = PBXGroup;
			children = (
				AACD51A3222403AD00BA52AE /* UserNotifications.framework */,
				AACD51A5222403AD00BA52AE /* UserNotificationsUI.framework */,
				AA8C1D782226756900E44630 /* NotificationCenter.framework */,
			);
			name = Frameworks;
			sourceTree = "<group>";
		};
		AACD51A7222403AD00BA52AE /* UNContent */ = {
			isa = PBXGroup;
			children = (
				AACD51A8222403AD00BA52AE /* NotificationViewController.swift */,
				AACD51AA222403AD00BA52AE /* MainInterface.storyboard */,
				AACD51AD222403AD00BA52AE /* Info.plist */,
			);
			path = UNContent;
			sourceTree = "<group>";
		};
/* End PBXGroup section */

/* Begin PBXNativeTarget section */
		AA8C1D762226756900E44630 /* widget */ = {
			isa = PBXNativeTarget;
			buildConfigurationList = AA8C1D862226756900E44630 /* Build configuration list for PBXNativeTarget "widget" */;
			buildPhases = (
				AA8C1D732226756900E44630 /* Sources */,
				AA8C1D742226756900E44630 /* Frameworks */,
				AA8C1D752226756900E44630 /* Resources */,
			);
			buildRules = (
			);
			dependencies = (
			);
			name = widget;
			productName = widget;
			productReference = AA8C1D772226756900E44630 /* widget.appex */;
			productType = "com.apple.product-type.app-extension";
		};
		AA8E46F22221519D00CD3F2F /* Minimalism Pomodoro */ = {
			isa = PBXNativeTarget;
			buildConfigurationList = AA8E471B222151A100CD3F2F /* Build configuration list for PBXNativeTarget "Minimalism Pomodoro" */;
			buildPhases = (
				AA8E46EF2221519D00CD3F2F /* Sources */,
				AA8E46F02221519D00CD3F2F /* Frameworks */,
				AA8E46F12221519D00CD3F2F /* Resources */,
				AACD51B4222403AD00BA52AE /* Embed App Extensions */,
			);
			buildRules = (
			);
			dependencies = (
				AACD51AF222403AD00BA52AE /* PBXTargetDependency */,
				AA8C1D822226756900E44630 /* PBXTargetDependency */,
			);
			name = "Minimalism Pomodoro";
			productName = "Minimalism Pomodoro";
			productReference = AA8E46F32221519D00CD3F2F /* Minimalism Pomodoro.app */;
			productType = "com.apple.product-type.application";
		};
		AA8E4706222151A100CD3F2F /* Minimalism PomodoroTests */ = {
			isa = PBXNativeTarget;
			buildConfigurationList = AA8E471E222151A100CD3F2F /* Build configuration list for PBXNativeTarget "Minimalism PomodoroTests" */;
			buildPhases = (
				AA8E4703222151A100CD3F2F /* Sources */,
				AA8E4704222151A100CD3F2F /* Frameworks */,
				AA8E4705222151A100CD3F2F /* Resources */,
			);
			buildRules = (
			);
			dependencies = (
				AA8E4709222151A100CD3F2F /* PBXTargetDependency */,
			);
			name = "Minimalism PomodoroTests";
			productName = "Minimalism PomodoroTests";
			productReference = AA8E4707222151A100CD3F2F /* Minimalism PomodoroTests.xctest */;
			productType = "com.apple.product-type.bundle.unit-test";
		};
		AA8E4711222151A100CD3F2F /* Minimalism PomodoroUITests */ = {
			isa = PBXNativeTarget;
			buildConfigurationList = AA8E4721222151A100CD3F2F /* Build configuration list for PBXNativeTarget "Minimalism PomodoroUITests" */;
			buildPhases = (
				AA8E470E222151A100CD3F2F /* Sources */,
				AA8E470F222151A100CD3F2F /* Frameworks */,
				AA8E4710222151A100CD3F2F /* Resources */,
			);
			buildRules = (
			);
			dependencies = (
				AA8E4714222151A100CD3F2F /* PBXTargetDependency */,
			);
			name = "Minimalism PomodoroUITests";
			productName = "Minimalism PomodoroUITests";
			productReference = AA8E4712222151A100CD3F2F /* Minimalism PomodoroUITests.xctest */;
			productType = "com.apple.product-type.bundle.ui-testing";
		};
		AACD51A0222403AC00BA52AE /* UNContent */ = {
			isa = PBXNativeTarget;
			buildConfigurationList = AACD51B1222403AD00BA52AE /* Build configuration list for PBXNativeTarget "UNContent" */;
			buildPhases = (
				AACD519D222403AC00BA52AE /* Sources */,
				AACD519E222403AC00BA52AE /* Frameworks */,
				AACD519F222403AC00BA52AE /* Resources */,
			);
			buildRules = (
			);
			dependencies = (
			);
			name = UNContent;
			productName = UNContent;
			productReference = AACD51A1222403AC00BA52AE /* UNContent.appex */;
			productType = "com.apple.product-type.app-extension";
		};
/* End PBXNativeTarget section */

/* Begin PBXProject section */
		AA8E46EB2221519D00CD3F2F /* Project object */ = {
			isa = PBXProject;
			attributes = {
				LastSwiftUpdateCheck = 1010;
				LastUpgradeCheck = 1010;
				ORGANIZATIONNAME = "游宗諭";
				TargetAttributes = {
					AA8C1D762226756900E44630 = {
						CreatedOnToolsVersion = 10.1;
						SystemCapabilities = {
							com.apple.ApplicationGroups.iOS = {
								enabled = 1;
							};
						};
					};
					AA8E46F22221519D00CD3F2F = {
						CreatedOnToolsVersion = 10.1;
						SystemCapabilities = {
							com.apple.ApplicationGroups.iOS = {
								enabled = 0;
							};
							com.apple.BackgroundModes = {
								enabled = 0;
							};
						};
					};
					AA8E4706222151A100CD3F2F = {
						CreatedOnToolsVersion = 10.1;
						TestTargetID = AA8E46F22221519D00CD3F2F;
					};
					AA8E4711222151A100CD3F2F = {
						CreatedOnToolsVersion = 10.1;
						TestTargetID = AA8E46F22221519D00CD3F2F;
					};
					AACD51A0222403AC00BA52AE = {
						CreatedOnToolsVersion = 10.1;
					};
				};
			};
			buildConfigurationList = AA8E46EE2221519D00CD3F2F /* Build configuration list for PBXProject "Minimalism Pomodoro" */;
			compatibilityVersion = "Xcode 9.3";
			developmentRegion = en;
			hasScannedForEncodings = 0;
			knownRegions = (
				en,
				Base,
			);
			mainGroup = AA8E46EA2221519D00CD3F2F;
			productRefGroup = AA8E46F42221519D00CD3F2F /* Products */;
			projectDirPath = "";
			projectRoot = "";
			targets = (
				AA8E46F22221519D00CD3F2F /* Minimalism Pomodoro */,
				AA8E4706222151A100CD3F2F /* Minimalism PomodoroTests */,
				AA8E4711222151A100CD3F2F /* Minimalism PomodoroUITests */,
				AACD51A0222403AC00BA52AE /* UNContent */,
				AA8C1D762226756900E44630 /* widget */,
			);
		};
/* End PBXProject section */

/* Begin PBXResourcesBuildPhase section */
		AA8C1D752226756900E44630 /* Resources */ = {
			isa = PBXResourcesBuildPhase;
			buildActionMask = 2147483647;
			files = (
				AA8C1D7F2226756900E44630 /* MainInterface.storyboard in Resources */,
			);
			runOnlyForDeploymentPostprocessing = 0;
		};
		AA8E46F12221519D00CD3F2F /* Resources */ = {
			isa = PBXResourcesBuildPhase;
			buildActionMask = 2147483647;
			files = (
				AA8E4701222151A100CD3F2F /* LaunchScreen.storyboard in Resources */,
				AA8E473E22215EB300CD3F2F /* Default-568h@2x.png in Resources */,
				AA8E474C2222C3B100CD3F2F /* Settings.bundle in Resources */,
				AA8E46FE222151A100CD3F2F /* Assets.xcassets in Resources */,
				AA8E46FC2221519D00CD3F2F /* Main.storyboard in Resources */,
			);
			runOnlyForDeploymentPostprocessing = 0;
		};
		AA8E4705222151A100CD3F2F /* Resources */ = {
			isa = PBXResourcesBuildPhase;
			buildActionMask = 2147483647;
			files = (
			);
			runOnlyForDeploymentPostprocessing = 0;
		};
		AA8E4710222151A100CD3F2F /* Resources */ = {
			isa = PBXResourcesBuildPhase;
			buildActionMask = 2147483647;
			files = (
			);
			runOnlyForDeploymentPostprocessing = 0;
		};
		AACD519F222403AC00BA52AE /* Resources */ = {
			isa = PBXResourcesBuildPhase;
			buildActionMask = 2147483647;
			files = (
				AACD51AC222403AD00BA52AE /* MainInterface.storyboard in Resources */,
			);
			runOnlyForDeploymentPostprocessing = 0;
		};
/* End PBXResourcesBuildPhase section */

/* Begin PBXSourcesBuildPhase section */
		AA8C1D732226756900E44630 /* Sources */ = {
			isa = PBXSourcesBuildPhase;
			buildActionMask = 2147483647;
			files = (
				AA8C1D7C2226756900E44630 /* TodayViewController.swift in Sources */,
				AA8C1D8C22267B4F00E44630 /* Theme.swift in Sources */,
				AA8C1D8822267B1800E44630 /* Extensions.swift in Sources */,
				AA8C1D8F22267D6D00E44630 /* UNCenter.swift in Sources */,
			);
			runOnlyForDeploymentPostprocessing = 0;
		};
		AA8E46EF2221519D00CD3F2F /* Sources */ = {
			isa = PBXSourcesBuildPhase;
			buildActionMask = 2147483647;
			files = (
				AA8E46F92221519D00CD3F2F /* ViewController.swift in Sources */,
				AA8E474222226C2900CD3F2F /* MainView.swift in Sources */,
				AA8E47402221630600CD3F2F /* Extensions.swift in Sources */,
				AA8C1D922226B1D300E44630 /* VerticalAlignedLabel.swift in Sources */,
				AA8E474E2222D93A00CD3F2F /* Pomodoro.swift in Sources */,
				AA8E47482222988F00CD3F2F /* Theme.swift in Sources */,
				AACD519C2223EF0D00BA52AE /* UNCenter.swift in Sources */,
				AA8E474422226DE300CD3F2F /* TimePickerView.swift in Sources */,
				AA8E46F72221519D00CD3F2F /* AppDelegate.swift in Sources */,
			);
			runOnlyForDeploymentPostprocessing = 0;
		};
		AA8E4703222151A100CD3F2F /* Sources */ = {
			isa = PBXSourcesBuildPhase;
			buildActionMask = 2147483647;
			files = (
				AA8E470C222151A100CD3F2F /* Minimalism_PomodoroTests.swift in Sources */,
				AA8C1D8B22267B1A00E44630 /* Extensions.swift in Sources */,
			);
			runOnlyForDeploymentPostprocessing = 0;
		};
		AA8E470E222151A100CD3F2F /* Sources */ = {
			isa = PBXSourcesBuildPhase;
			buildActionMask = 2147483647;
			files = (
				AA8E4717222151A100CD3F2F /* Minimalism_PomodoroUITests.swift in Sources */,
				AA8C1D8A22267B1900E44630 /* Extensions.swift in Sources */,
			);
			runOnlyForDeploymentPostprocessing = 0;
		};
		AACD519D222403AC00BA52AE /* Sources */ = {
			isa = PBXSourcesBuildPhase;
			buildActionMask = 2147483647;
			files = (
				AACD51A9222403AD00BA52AE /* NotificationViewController.swift in Sources */,
				AA8C1D8922267B1900E44630 /* Extensions.swift in Sources */,
			);
			runOnlyForDeploymentPostprocessing = 0;
		};
/* End PBXSourcesBuildPhase section */

/* Begin PBXTargetDependency section */
		AA8C1D822226756900E44630 /* PBXTargetDependency */ = {
			isa = PBXTargetDependency;
			target = AA8C1D762226756900E44630 /* widget */;
			targetProxy = AA8C1D812226756900E44630 /* PBXContainerItemProxy */;
		};
		AA8E4709222151A100CD3F2F /* PBXTargetDependency */ = {
			isa = PBXTargetDependency;
			target = AA8E46F22221519D00CD3F2F /* Minimalism Pomodoro */;
			targetProxy = AA8E4708222151A100CD3F2F /* PBXContainerItemProxy */;
		};
		AA8E4714222151A100CD3F2F /* PBXTargetDependency */ = {
			isa = PBXTargetDependency;
			target = AA8E46F22221519D00CD3F2F /* Minimalism Pomodoro */;
			targetProxy = AA8E4713222151A100CD3F2F /* PBXContainerItemProxy */;
		};
		AACD51AF222403AD00BA52AE /* PBXTargetDependency */ = {
			isa = PBXTargetDependency;
			target = AACD51A0222403AC00BA52AE /* UNContent */;
			targetProxy = AACD51AE222403AD00BA52AE /* PBXContainerItemProxy */;
		};
/* End PBXTargetDependency section */

/* Begin PBXVariantGroup section */
		AA8C1D7D2226756900E44630 /* MainInterface.storyboard */ = {
			isa = PBXVariantGroup;
			children = (
				AA8C1D7E2226756900E44630 /* Base */,
			);
			name = MainInterface.storyboard;
			sourceTree = "<group>";
		};
		AA8E46FA2221519D00CD3F2F /* Main.storyboard */ = {
			isa = PBXVariantGroup;
			children = (
				AA8E46FB2221519D00CD3F2F /* Base */,
			);
			name = Main.storyboard;
			sourceTree = "<group>";
		};
		AA8E46FF222151A100CD3F2F /* LaunchScreen.storyboard */ = {
			isa = PBXVariantGroup;
			children = (
				AA8E4700222151A100CD3F2F /* Base */,
			);
			name = LaunchScreen.storyboard;
			sourceTree = "<group>";
		};
		AACD51AA222403AD00BA52AE /* MainInterface.storyboard */ = {
			isa = PBXVariantGroup;
			children = (
				AACD51AB222403AD00BA52AE /* Base */,
			);
			name = MainInterface.storyboard;
			sourceTree = "<group>";
		};
/* End PBXVariantGroup section */

/* Begin XCBuildConfiguration section */
		AA8C1D842226756900E44630 /* Debug */ = {
			isa = XCBuildConfiguration;
			buildSettings = {
				CODE_SIGN_ENTITLEMENTS = widget/widget.entitlements;
				CODE_SIGN_STYLE = Automatic;
				DEVELOPMENT_TEAM = 3AMPL46LPV;
				INFOPLIST_FILE = widget/Info.plist;
				LD_RUNPATH_SEARCH_PATHS = (
					"$(inherited)",
					"@executable_path/Frameworks",
					"@executable_path/../../Frameworks",
				);
				PRODUCT_BUNDLE_IDENTIFIER = "com.TsungYu.Minimalism-Pomodoro.widget";
				PRODUCT_NAME = "$(TARGET_NAME)";
				SKIP_INSTALL = YES;
				SWIFT_VERSION = 4.2;
				TARGETED_DEVICE_FAMILY = "1,2";
			};
			name = Debug;
		};
		AA8C1D852226756900E44630 /* Release */ = {
			isa = XCBuildConfiguration;
			buildSettings = {
				CODE_SIGN_ENTITLEMENTS = widget/widget.entitlements;
				CODE_SIGN_STYLE = Automatic;
				DEVELOPMENT_TEAM = 3AMPL46LPV;
				INFOPLIST_FILE = widget/Info.plist;
				LD_RUNPATH_SEARCH_PATHS = (
					"$(inherited)",
					"@executable_path/Frameworks",
					"@executable_path/../../Frameworks",
				);
				PRODUCT_BUNDLE_IDENTIFIER = "com.TsungYu.Minimalism-Pomodoro.widget";
				PRODUCT_NAME = "$(TARGET_NAME)";
				SKIP_INSTALL = YES;
				SWIFT_VERSION = 4.2;
				TARGETED_DEVICE_FAMILY = "1,2";
			};
			name = Release;
		};
		AA8E4719222151A100CD3F2F /* Debug */ = {
			isa = XCBuildConfiguration;
			buildSettings = {
				ALWAYS_SEARCH_USER_PATHS = NO;
				CLANG_ANALYZER_NONNULL = YES;
				CLANG_ANALYZER_NUMBER_OBJECT_CONVERSION = YES_AGGRESSIVE;
				CLANG_CXX_LANGUAGE_STANDARD = "gnu++14";
				CLANG_CXX_LIBRARY = "libc++";
				CLANG_ENABLE_MODULES = YES;
				CLANG_ENABLE_OBJC_ARC = YES;
				CLANG_ENABLE_OBJC_WEAK = YES;
				CLANG_WARN_BLOCK_CAPTURE_AUTORELEASING = YES;
				CLANG_WARN_BOOL_CONVERSION = YES;
				CLANG_WARN_COMMA = YES;
				CLANG_WARN_CONSTANT_CONVERSION = YES;
				CLANG_WARN_DEPRECATED_OBJC_IMPLEMENTATIONS = YES;
				CLANG_WARN_DIRECT_OBJC_ISA_USAGE = YES_ERROR;
				CLANG_WARN_DOCUMENTATION_COMMENTS = YES;
				CLANG_WARN_EMPTY_BODY = YES;
				CLANG_WARN_ENUM_CONVERSION = YES;
				CLANG_WARN_INFINITE_RECURSION = YES;
				CLANG_WARN_INT_CONVERSION = YES;
				CLANG_WARN_NON_LITERAL_NULL_CONVERSION = YES;
				CLANG_WARN_OBJC_IMPLICIT_RETAIN_SELF = YES;
				CLANG_WARN_OBJC_LITERAL_CONVERSION = YES;
				CLANG_WARN_OBJC_ROOT_CLASS = YES_ERROR;
				CLANG_WARN_RANGE_LOOP_ANALYSIS = YES;
				CLANG_WARN_STRICT_PROTOTYPES = YES;
				CLANG_WARN_SUSPICIOUS_MOVE = YES;
				CLANG_WARN_UNGUARDED_AVAILABILITY = YES_AGGRESSIVE;
				CLANG_WARN_UNREACHABLE_CODE = YES;
				CLANG_WARN__DUPLICATE_METHOD_MATCH = YES;
				CODE_SIGN_IDENTITY = "iPhone Developer";
				COPY_PHASE_STRIP = NO;
				DEBUG_INFORMATION_FORMAT = dwarf;
				ENABLE_STRICT_OBJC_MSGSEND = YES;
				ENABLE_TESTABILITY = YES;
				GCC_C_LANGUAGE_STANDARD = gnu11;
				GCC_DYNAMIC_NO_PIC = NO;
				GCC_NO_COMMON_BLOCKS = YES;
				GCC_OPTIMIZATION_LEVEL = 0;
				GCC_PREPROCESSOR_DEFINITIONS = (
					"DEBUG=1",
					"$(inherited)",
				);
				GCC_WARN_64_TO_32_BIT_CONVERSION = YES;
				GCC_WARN_ABOUT_RETURN_TYPE = YES_ERROR;
				GCC_WARN_UNDECLARED_SELECTOR = YES;
				GCC_WARN_UNINITIALIZED_AUTOS = YES_AGGRESSIVE;
				GCC_WARN_UNUSED_FUNCTION = YES;
				GCC_WARN_UNUSED_VARIABLE = YES;
				IPHONEOS_DEPLOYMENT_TARGET = 12.1;
				MTL_ENABLE_DEBUG_INFO = INCLUDE_SOURCE;
				MTL_FAST_MATH = YES;
				ONLY_ACTIVE_ARCH = YES;
				SDKROOT = iphoneos;
				SWIFT_ACTIVE_COMPILATION_CONDITIONS = DEBUG;
				SWIFT_OPTIMIZATION_LEVEL = "-Onone";
			};
			name = Debug;
		};
		AA8E471A222151A100CD3F2F /* Release */ = {
			isa = XCBuildConfiguration;
			buildSettings = {
				ALWAYS_SEARCH_USER_PATHS = NO;
				CLANG_ANALYZER_NONNULL = YES;
				CLANG_ANALYZER_NUMBER_OBJECT_CONVERSION = YES_AGGRESSIVE;
				CLANG_CXX_LANGUAGE_STANDARD = "gnu++14";
				CLANG_CXX_LIBRARY = "libc++";
				CLANG_ENABLE_MODULES = YES;
				CLANG_ENABLE_OBJC_ARC = YES;
				CLANG_ENABLE_OBJC_WEAK = YES;
				CLANG_WARN_BLOCK_CAPTURE_AUTORELEASING = YES;
				CLANG_WARN_BOOL_CONVERSION = YES;
				CLANG_WARN_COMMA = YES;
				CLANG_WARN_CONSTANT_CONVERSION = YES;
				CLANG_WARN_DEPRECATED_OBJC_IMPLEMENTATIONS = YES;
				CLANG_WARN_DIRECT_OBJC_ISA_USAGE = YES_ERROR;
				CLANG_WARN_DOCUMENTATION_COMMENTS = YES;
				CLANG_WARN_EMPTY_BODY = YES;
				CLANG_WARN_ENUM_CONVERSION = YES;
				CLANG_WARN_INFINITE_RECURSION = YES;
				CLANG_WARN_INT_CONVERSION = YES;
				CLANG_WARN_NON_LITERAL_NULL_CONVERSION = YES;
				CLANG_WARN_OBJC_IMPLICIT_RETAIN_SELF = YES;
				CLANG_WARN_OBJC_LITERAL_CONVERSION = YES;
				CLANG_WARN_OBJC_ROOT_CLASS = YES_ERROR;
				CLANG_WARN_RANGE_LOOP_ANALYSIS = YES;
				CLANG_WARN_STRICT_PROTOTYPES = YES;
				CLANG_WARN_SUSPICIOUS_MOVE = YES;
				CLANG_WARN_UNGUARDED_AVAILABILITY = YES_AGGRESSIVE;
				CLANG_WARN_UNREACHABLE_CODE = YES;
				CLANG_WARN__DUPLICATE_METHOD_MATCH = YES;
				CODE_SIGN_IDENTITY = "iPhone Developer";
				COPY_PHASE_STRIP = NO;
				DEBUG_INFORMATION_FORMAT = "dwarf-with-dsym";
				ENABLE_NS_ASSERTIONS = NO;
				ENABLE_STRICT_OBJC_MSGSEND = YES;
				GCC_C_LANGUAGE_STANDARD = gnu11;
				GCC_NO_COMMON_BLOCKS = YES;
				GCC_WARN_64_TO_32_BIT_CONVERSION = YES;
				GCC_WARN_ABOUT_RETURN_TYPE = YES_ERROR;
				GCC_WARN_UNDECLARED_SELECTOR = YES;
				GCC_WARN_UNINITIALIZED_AUTOS = YES_AGGRESSIVE;
				GCC_WARN_UNUSED_FUNCTION = YES;
				GCC_WARN_UNUSED_VARIABLE = YES;
				IPHONEOS_DEPLOYMENT_TARGET = 12.1;
				MTL_ENABLE_DEBUG_INFO = NO;
				MTL_FAST_MATH = YES;
				SDKROOT = iphoneos;
				SWIFT_COMPILATION_MODE = wholemodule;
				SWIFT_OPTIMIZATION_LEVEL = "-O";
				VALIDATE_PRODUCT = YES;
			};
			name = Release;
		};
		AA8E471C222151A100CD3F2F /* Debug */ = {
			isa = XCBuildConfiguration;
			buildSettings = {
				ALWAYS_EMBED_SWIFT_STANDARD_LIBRARIES = YES;
				ASSETCATALOG_COMPILER_APPICON_NAME = AppIcon;
				CODE_SIGN_STYLE = Automatic;
				DEVELOPMENT_TEAM = 3AMPL46LPV;
				INFOPLIST_FILE = "Minimalism Pomodoro/Info.plist";
				LD_RUNPATH_SEARCH_PATHS = (
					"$(inherited)",
					"@executable_path/Frameworks",
				);
				ONLY_ACTIVE_ARCH = NO;
				PRODUCT_BUNDLE_IDENTIFIER = "com.TsungYu.Minimalism-Pomodoro";
				PRODUCT_NAME = "$(TARGET_NAME)";
				SWIFT_VERSION = 4.2;
				TARGETED_DEVICE_FAMILY = "1,2";
			};
			name = Debug;
		};
		AA8E471D222151A100CD3F2F /* Release */ = {
			isa = XCBuildConfiguration;
			buildSettings = {
				ALWAYS_EMBED_SWIFT_STANDARD_LIBRARIES = YES;
				ASSETCATALOG_COMPILER_APPICON_NAME = AppIcon;
				CODE_SIGN_STYLE = Automatic;
				DEVELOPMENT_TEAM = 3AMPL46LPV;
				ENABLE_TESTABILITY = YES;
				INFOPLIST_FILE = "Minimalism Pomodoro/Info.plist";
				LD_RUNPATH_SEARCH_PATHS = (
					"$(inherited)",
					"@executable_path/Frameworks",
				);
				PRODUCT_BUNDLE_IDENTIFIER = "com.TsungYu.Minimalism-Pomodoro";
				PRODUCT_NAME = "$(TARGET_NAME)";
				SWIFT_VERSION = 4.2;
				TARGETED_DEVICE_FAMILY = "1,2";
			};
			name = Release;
		};
		AA8E471F222151A100CD3F2F /* Debug */ = {
			isa = XCBuildConfiguration;
			buildSettings = {
				ALWAYS_EMBED_SWIFT_STANDARD_LIBRARIES = YES;
				BUNDLE_LOADER = "$(TEST_HOST)";
				CODE_SIGN_STYLE = Automatic;
				DEVELOPMENT_TEAM = 3AMPL46LPV;
				INFOPLIST_FILE = "Minimalism PomodoroTests/Info.plist";
				LD_RUNPATH_SEARCH_PATHS = (
					"$(inherited)",
					"@executable_path/Frameworks",
					"@loader_path/Frameworks",
				);
				PRODUCT_BUNDLE_IDENTIFIER = "com.TsungYu.Minimalism-PomodoroTests";
				PRODUCT_NAME = "$(TARGET_NAME)";
				SWIFT_VERSION = 4.2;
				TARGETED_DEVICE_FAMILY = "1,2";
				TEST_HOST = "$(BUILT_PRODUCTS_DIR)/Minimalism Pomodoro.app/Minimalism Pomodoro";
			};
			name = Debug;
		};
		AA8E4720222151A100CD3F2F /* Release */ = {
			isa = XCBuildConfiguration;
			buildSettings = {
				ALWAYS_EMBED_SWIFT_STANDARD_LIBRARIES = YES;
				BUNDLE_LOADER = "$(TEST_HOST)";
				CODE_SIGN_STYLE = Automatic;
				DEVELOPMENT_TEAM = 3AMPL46LPV;
				INFOPLIST_FILE = "Minimalism PomodoroTests/Info.plist";
				LD_RUNPATH_SEARCH_PATHS = (
					"$(inherited)",
					"@executable_path/Frameworks",
					"@loader_path/Frameworks",
				);
				PRODUCT_BUNDLE_IDENTIFIER = "com.TsungYu.Minimalism-PomodoroTests";
				PRODUCT_NAME = "$(TARGET_NAME)";
				SWIFT_VERSION = 4.2;
				TARGETED_DEVICE_FAMILY = "1,2";
				TEST_HOST = "$(BUILT_PRODUCTS_DIR)/Minimalism Pomodoro.app/Minimalism Pomodoro";
			};
			name = Release;
		};
		AA8E4722222151A100CD3F2F /* Debug */ = {
			isa = XCBuildConfiguration;
			buildSettings = {
				ALWAYS_EMBED_SWIFT_STANDARD_LIBRARIES = YES;
				CODE_SIGN_STYLE = Automatic;
				DEVELOPMENT_TEAM = 3AMPL46LPV;
				INFOPLIST_FILE = "Minimalism PomodoroUITests/Info.plist";
				LD_RUNPATH_SEARCH_PATHS = (
					"$(inherited)",
					"@executable_path/Frameworks",
					"@loader_path/Frameworks",
				);
				PRODUCT_BUNDLE_IDENTIFIER = "com.TsungYu.Minimalism-PomodoroUITests";
				PRODUCT_NAME = "$(TARGET_NAME)";
				SWIFT_VERSION = 4.2;
				TARGETED_DEVICE_FAMILY = "1,2";
				TEST_TARGET_NAME = "Minimalism Pomodoro";
			};
			name = Debug;
		};
		AA8E4723222151A100CD3F2F /* Release */ = {
			isa = XCBuildConfiguration;
			buildSettings = {
				ALWAYS_EMBED_SWIFT_STANDARD_LIBRARIES = YES;
				CODE_SIGN_STYLE = Automatic;
				DEVELOPMENT_TEAM = 3AMPL46LPV;
				INFOPLIST_FILE = "Minimalism PomodoroUITests/Info.plist";
				LD_RUNPATH_SEARCH_PATHS = (
					"$(inherited)",
					"@executable_path/Frameworks",
					"@loader_path/Frameworks",
				);
				PRODUCT_BUNDLE_IDENTIFIER = "com.TsungYu.Minimalism-PomodoroUITests";
				PRODUCT_NAME = "$(TARGET_NAME)";
				SWIFT_VERSION = 4.2;
				TARGETED_DEVICE_FAMILY = "1,2";
				TEST_TARGET_NAME = "Minimalism Pomodoro";
			};
			name = Release;
		};
		AACD51B2222403AD00BA52AE /* Debug */ = {
			isa = XCBuildConfiguration;
			buildSettings = {
				CODE_SIGN_STYLE = Automatic;
				DEVELOPMENT_TEAM = 3AMPL46LPV;
				INFOPLIST_FILE = UNContent/Info.plist;
				LD_RUNPATH_SEARCH_PATHS = (
					"$(inherited)",
					"@executable_path/Frameworks",
					"@executable_path/../../Frameworks",
				);
				PRODUCT_BUNDLE_IDENTIFIER = "com.TsungYu.Minimalism-Pomodoro.UNContent";
				PRODUCT_NAME = "$(TARGET_NAME)";
				SKIP_INSTALL = YES;
				SWIFT_VERSION = 4.2;
				TARGETED_DEVICE_FAMILY = "1,2";
			};
			name = Debug;
		};
		AACD51B3222403AD00BA52AE /* Release */ = {
			isa = XCBuildConfiguration;
			buildSettings = {
				CODE_SIGN_STYLE = Automatic;
				DEVELOPMENT_TEAM = 3AMPL46LPV;
				INFOPLIST_FILE = UNContent/Info.plist;
				LD_RUNPATH_SEARCH_PATHS = (
					"$(inherited)",
					"@executable_path/Frameworks",
					"@executable_path/../../Frameworks",
				);
				PRODUCT_BUNDLE_IDENTIFIER = "com.TsungYu.Minimalism-Pomodoro.UNContent";
				PRODUCT_NAME = "$(TARGET_NAME)";
				SKIP_INSTALL = YES;
				SWIFT_VERSION = 4.2;
				TARGETED_DEVICE_FAMILY = "1,2";
			};
			name = Release;
		};
/* End XCBuildConfiguration section */

/* Begin XCConfigurationList section */
		AA8C1D862226756900E44630 /* Build configuration list for PBXNativeTarget "widget" */ = {
			isa = XCConfigurationList;
			buildConfigurations = (
				AA8C1D842226756900E44630 /* Debug */,
				AA8C1D852226756900E44630 /* Release */,
			);
			defaultConfigurationIsVisible = 0;
			defaultConfigurationName = Release;
		};
		AA8E46EE2221519D00CD3F2F /* Build configuration list for PBXProject "Minimalism Pomodoro" */ = {
			isa = XCConfigurationList;
			buildConfigurations = (
				AA8E4719222151A100CD3F2F /* Debug */,
				AA8E471A222151A100CD3F2F /* Release */,
			);
			defaultConfigurationIsVisible = 0;
			defaultConfigurationName = Release;
		};
		AA8E471B222151A100CD3F2F /* Build configuration list for PBXNativeTarget "Minimalism Pomodoro" */ = {
			isa = XCConfigurationList;
			buildConfigurations = (
				AA8E471C222151A100CD3F2F /* Debug */,
				AA8E471D222151A100CD3F2F /* Release */,
			);
			defaultConfigurationIsVisible = 0;
			defaultConfigurationName = Release;
		};
		AA8E471E222151A100CD3F2F /* Build configuration list for PBXNativeTarget "Minimalism PomodoroTests" */ = {
			isa = XCConfigurationList;
			buildConfigurations = (
				AA8E471F222151A100CD3F2F /* Debug */,
				AA8E4720222151A100CD3F2F /* Release */,
			);
			defaultConfigurationIsVisible = 0;
			defaultConfigurationName = Release;
		};
		AA8E4721222151A100CD3F2F /* Build configuration list for PBXNativeTarget "Minimalism PomodoroUITests" */ = {
			isa = XCConfigurationList;
			buildConfigurations = (
				AA8E4722222151A100CD3F2F /* Debug */,
				AA8E4723222151A100CD3F2F /* Release */,
			);
			defaultConfigurationIsVisible = 0;
			defaultConfigurationName = Release;
		};
		AACD51B1222403AD00BA52AE /* Build configuration list for PBXNativeTarget "UNContent" */ = {
			isa = XCConfigurationList;
			buildConfigurations = (
				AACD51B2222403AD00BA52AE /* Debug */,
				AACD51B3222403AD00BA52AE /* Release */,
			);
			defaultConfigurationIsVisible = 0;
			defaultConfigurationName = Release;
		};
/* End XCConfigurationList section */
	};
	rootObject = AA8E46EB2221519D00CD3F2F /* Project object */;
}
